
Microsoft Visual Studio Solution File, Format Version 12.00
# Visual Studio Version 17
VisualStudioVersion = 17.14.37203.1 d17.14
MinimumVisualStudioVersion = 10.0.40219.1
Project("{FAE04EC0-301F-11D3-BF4B-00C04F79EFBC}") = "Practica_1_Clase004", "Practica_1_Clase004\Practica_1_Clase004.csproj", "{CF557F30-7F08-4985-A83E-589DD25074E8}"
EndProject
Global
	GlobalSection(SolutionConfigurationPlatforms) = preSolution
		Debug|Any CPU = Debug|Any CPU
		Release|Any CPU = Release|Any CPU
	EndGlobalSection
	GlobalSection(ProjectConfigurationPlatforms) = postSolution
		{CF557F30-7F08-4985-A83E-589DD25074E8}.Debug|Any CPU.ActiveCfg = Debug|Any CPU
		{CF557F30-7F08-4985-A83E-589DD25074E8}.Debug|Any CPU.Build.0 = Debug|Any CPU
		{CF557F30-7F08-4985-A83E-589DD25074E8}.Release|Any CPU.ActiveCfg = Release|Any CPU
		{CF557F30-7F08-4985-A83E-589DD25074E8}.Release|Any CPU.Build.0 = Release|Any CPU
	EndGlobalSection
	GlobalSection(SolutionProperties) = preSolution
		HideSolutionNode = FALSE
	EndGlobalSection
	GlobalSection(ExtensibilityGlobals) = postSolution
		SolutionGuid = {8FC0DFCC-0049-409D-8C9D-87D6A4694A0B}
	EndGlobalSection
EndGlobal
